
Microsoft Visual Studio Solution File, Format Version 12.00
Project("{FAE04EC0-301F-11D3-BF4B-00C04F79EFBC}") = "DProject.Editor", "DProject.Editor\DProject.Editor.csproj", "{CA44782A-3E5D-48B6-B9C6-BD2F1805EC0D}"
EndProject
Global
	GlobalSection(SolutionConfigurationPlatforms) = preSolution
		Debug|Any CPU = Debug|Any CPU
		Release|Any CPU = Release|Any CPU
	EndGlobalSection
	GlobalSection(ProjectConfigurationPlatforms) = postSolution
		{CA44782A-3E5D-48B6-B9C6-BD2F1805EC0D}.Debug|Any CPU.ActiveCfg = Debug|Any CPU
		{CA44782A-3E5D-48B6-B9C6-BD2F1805EC0D}.Debug|Any CPU.Build.0 = Debug|Any CPU
		{CA44782A-3E5D-48B6-B9C6-BD2F1805EC0D}.Release|Any CPU.ActiveCfg = Release|Any CPU
		{CA44782A-3E5D-48B6-B9C6-BD2F1805EC0D}.Release|Any CPU.Build.0 = Release|Any CPU
	EndGlobalSection
EndGlobal
